
Microsoft Visual Studio Solution File, Format Version 12.00
# Visual Studio Version 16
VisualStudioVersion = 16.0.33214.272
MinimumVisualStudioVersion = 10.0.40219.1
Project("{FAE04EC0-301F-11D3-BF4B-00C04F79EFBC}") = "ConsoleAppDemo2", "ConsoleAppDemo2.csproj", "{47D81385-F331-4CE5-A53E-77B1AF39E2C7}"
EndProject
Global
	GlobalSection(SolutionConfigurationPlatforms) = preSolution
		Debug|Any CPU = Debug|Any CPU
		Release|Any CPU = Release|Any CPU
	EndGlobalSection
	GlobalSection(ProjectConfigurationPlatforms) = postSolution
		{47D81385-F331-4CE5-A53E-77B1AF39E2C7}.Debug|Any CPU.ActiveCfg = Debug|Any CPU
		{47D81385-F331-4CE5-A53E-77B1AF39E2C7}.Debug|Any CPU.Build.0 = Debug|Any CPU
		{47D81385-F331-4CE5-A53E-77B1AF39E2C7}.Release|Any CPU.ActiveCfg = Release|Any CPU
		{47D81385-F331-4CE5-A53E-77B1AF39E2C7}.Release|Any CPU.Build.0 = Release|Any CPU
	EndGlobalSection
	GlobalSection(SolutionProperties) = preSolution
		HideSolutionNode = FALSE
	EndGlobalSection
	GlobalSection(ExtensibilityGlobals) = postSolution
		SolutionGuid = {043F8508-7A4C-41FA-8532-429BD6FF18E9}
	EndGlobalSection
EndGlobal
